dependencies:
- name: postgresql
  repository: https://charts.bitnami.com/bitnami
  version: 11.8.2
- name: common
  repository: https://caraml-dev.github.io/helm-charts
  version: 0.2.8
digest: sha256:2ae5a7cb6fc173e37cb4655b6e4823af6c1d44b7c30c5bfc182f18c4a0e2a47b
generated: "2023-01-09T16:25:02.095438+05:30"
