dependencies:
- name: postgresql
  repository: https://charts.helm.sh/stable
  version: 8.0.0
- name: common
  repository: https://caraml-dev.github.io/helm-charts
  version: 0.2.6
digest: sha256:9bc17acdf6948bb977a7953cf1e24802fc7d9474f67b16649ca32dce3d9c5528
generated: "2022-11-29T05:32:16.136694009Z"
