dependencies:
- name: postgresql
  repository: https://charts.helm.sh/stable
  version: 7.0.2
- name: mlp
  repository: https://caraml-dev.github.io/helm-charts
  version: 0.4.18
- name: common
  repository: https://caraml-dev.github.io/helm-charts
  version: 0.2.8
digest: sha256:a34969981068439a94a2b93acc5868afa8563ee334dec0b1298dd5ae4b5f49e2
generated: "2023-04-19T12:31:12.784478356Z"
