dependencies:
- name: postgresql
  repository: https://charts.helm.sh/stable
  version: 7.7.3
- name: mlp
  repository: https://caraml-dev.github.io/helm-charts
  version: 0.5.0
- name: common
  repository: https://caraml-dev.github.io/helm-charts
  version: 0.2.8
digest: sha256:0a2a5e07941804576ad7e336993b775a41e6e4a1fc6ba4b230a6d253f5751ae4
generated: "2023-06-15T06:13:44.986268008Z"
