dependencies:
- name: mlp
  repository: https://caraml-dev.github.io/helm-charts
  version: 0.5.2
- name: merlin
  repository: https://caraml-dev.github.io/helm-charts
  version: 0.11.4
- name: turing
  repository: https://caraml-dev.github.io/helm-charts
  version: 0.2.33
- name: xp-treatment
  repository: https://caraml-dev.github.io/helm-charts
  version: 0.1.18
- name: xp-management
  repository: https://caraml-dev.github.io/helm-charts
  version: 0.2.4
- name: postgresql
  repository: https://charts.helm.sh/stable
  version: 7.0.2
- name: authz
  repository: https://caraml-dev.github.io/helm-charts
  version: 0.1.12
- name: caraml-routes
  repository: https://caraml-dev.github.io/helm-charts
  version: 0.2.2
- name: common
  repository: https://caraml-dev.github.io/helm-charts
  version: 0.2.9
- name: base
  repository: https://istio-release.storage.googleapis.com/charts
  version: 1.13.9
- name: generic-dep-installer
  repository: https://caraml-dev.github.io/helm-charts
  version: 0.2.1
- name: generic-dep-installer
  repository: https://caraml-dev.github.io/helm-charts
  version: 0.2.1
- name: generic-dep-installer
  repository: https://caraml-dev.github.io/helm-charts
  version: 0.2.1
- name: cert-manager-base
  repository: https://caraml-dev.github.io/helm-charts
  version: 1.8.1
- name: cert-manager
  repository: https://charts.jetstack.io
  version: v1.8.2
digest: sha256:006a0f81da5948fbfc6e6f7d06af362028322dca4aedd767b41ba04fbbabd8a4
generated: "2023-07-27T13:39:49.31788+08:00"
