dependencies:
- name: mlp
  repository: https://caraml-dev.github.io/helm-charts
  version: 0.4.11
- name: merlin
  repository: https://caraml-dev.github.io/helm-charts
  version: 0.9.36
- name: postgresql
  repository: https://charts.helm.sh/stable
  version: 7.0.2
- name: authz
  repository: https://caraml-dev.github.io/helm-charts
  version: 0.1.6
- name: caraml-routes
  repository: https://caraml-dev.github.io/helm-charts
  version: 0.2.2
- name: common
  repository: https://caraml-dev.github.io/helm-charts
  version: 0.2.8
- name: base
  repository: https://istio-release.storage.googleapis.com/charts
  version: 1.13.9
- name: generic-dep-installer
  repository: https://caraml-dev.github.io/helm-charts
  version: 0.2.1
- name: generic-dep-installer
  repository: https://caraml-dev.github.io/helm-charts
  version: 0.2.1
- name: generic-dep-installer
  repository: https://caraml-dev.github.io/helm-charts
  version: 0.2.1
- name: cert-manager-base
  repository: https://caraml-dev.github.io/helm-charts
  version: 1.8.1
- name: cert-manager
  repository: https://charts.jetstack.io
  version: v1.8.2
digest: sha256:ad4e129a6e30146e5d1fca4e6ae895d3d7b87f10346e0803e68a6d99994969ee
generated: "2023-02-07T05:38:27.010087724Z"
