dependencies:
- name: mlp
  repository: https://caraml-dev.github.io/helm-charts
  version: 0.6.5
- name: merlin
  repository: https://caraml-dev.github.io/helm-charts
  version: 0.13.17
- name: turing
  repository: https://caraml-dev.github.io/helm-charts
  version: 0.3.19
- name: xp-treatment
  repository: https://caraml-dev.github.io/helm-charts
  version: 0.1.29
- name: xp-management
  repository: https://caraml-dev.github.io/helm-charts
  version: 0.2.11
- name: postgresql
  repository: https://charts.helm.sh/stable
  version: 7.0.2
- name: authz
  repository: https://caraml-dev.github.io/helm-charts
  version: 0.1.13
- name: caraml-routes
  repository: https://caraml-dev.github.io/helm-charts
  version: 0.3.3
- name: common
  repository: https://caraml-dev.github.io/helm-charts
  version: 0.2.9
- name: base
  repository: https://istio-release.storage.googleapis.com/charts
  version: 1.13.9
- name: generic-dep-installer
  repository: https://caraml-dev.github.io/helm-charts
  version: 0.2.1
- name: generic-dep-installer
  repository: https://caraml-dev.github.io/helm-charts
  version: 0.2.1
- name: generic-dep-installer
  repository: https://caraml-dev.github.io/helm-charts
  version: 0.2.1
- name: cert-manager-base
  repository: https://caraml-dev.github.io/helm-charts
  version: 1.8.1
- name: cert-manager
  repository: https://charts.jetstack.io
  version: v1.8.2
digest: sha256:b7c31a140c5280b51e800fbbb7ad1ccde06b9a4600954e6a09bf9abe6af03dcb
generated: "2024-03-21T03:49:49.043270014Z"
