dependencies:
- name: postgresql
  repository: https://charts.bitnami.com/bitnami
  version: 11.9.13
- name: redis
  repository: https://charts.bitnami.com/bitnami
  version: 17.3.16
digest: sha256:e03781074eddd3055fcd5084579443e7048bc9a29686afc201334ec72e0e4288
generated: "2022-12-13T08:45:01.316072623Z"
