dependencies:
- name: generic-dep-installer
  repository: https://caraml-dev.github.io/helm-charts
  version: 0.1.1
- name: base
  repository: https://istio-release.storage.googleapis.com/charts
  version: 1.13.4
- name: generic-dep-installer
  repository: https://caraml-dev.github.io/helm-charts
  version: 0.1.0
- name: cert-manager-base
  repository: https://caraml-dev.github.io/helm-charts
  version: 1.8.1
- name: cert-manager
  repository: https://charts.jetstack.io
  version: v1.8.1
- name: common
  repository: https://caraml-dev.github.io/helm-charts
  version: 0.2.4
digest: sha256:b58806b8e5b5d2e28462ed16244fb907a68c5e93752cd66fcffd222dd61a25f3
generated: "2022-11-04T04:43:42.237699466Z"
