dependencies:
- name: generic-dep-installer
  repository: https://caraml-dev.github.io/helm-charts
  version: 0.2.1
- name: base
  repository: https://istio-release.storage.googleapis.com/charts
  version: 1.13.4
- name: generic-dep-installer
  repository: https://caraml-dev.github.io/helm-charts
  version: 0.1.0
- name: cert-manager-base
  repository: https://caraml-dev.github.io/helm-charts
  version: 1.8.1
- name: cert-manager
  repository: https://charts.jetstack.io
  version: v1.8.1
- name: common
  repository: https://caraml-dev.github.io/helm-charts
  version: 0.2.5
digest: sha256:a0b3659cd7dda6c60de892b032175ed8b69a472c64e07b5490bc49556b16be69
generated: "2023-06-15T06:13:30.613340206Z"
