dependencies:
- name: generic-dep-installer
  repository: https://caraml-dev.github.io/helm-charts
  version: 0.1.1
- name: base
  repository: https://istio-release.storage.googleapis.com/charts
  version: 1.13.4
- name: generic-dep-installer
  repository: https://caraml-dev.github.io/helm-charts
  version: 0.1.0
- name: cert-manager-base
  repository: https://caraml-dev.github.io/helm-charts
  version: 1.8.1
- name: cert-manager
  repository: https://charts.jetstack.io
  version: v1.8.1
- name: common
  repository: https://caraml-dev.github.io/helm-charts
  version: 0.2.5
digest: sha256:dca88f74ce8433841eeac553e7ae6b8a6d98120a784d5bd3930c3ff2f6fb94d2
generated: "2022-11-17T12:59:23.484808+05:30"
