dependencies:
- name: postgresql
  repository: https://charts.helm.sh/stable
  version: 7.0.2
- name: postgresql
  repository: https://charts.helm.sh/stable
  version: 7.0.2
- name: generic-dep-installer
  repository: https://caraml-dev.github.io/helm-charts
  version: 0.2.1
- name: mlp
  repository: https://caraml-dev.github.io/helm-charts
  version: 0.4.11
- name: generic-dep-installer
  repository: https://caraml-dev.github.io/helm-charts
  version: 0.2.1
- name: generic-dep-installer
  repository: https://caraml-dev.github.io/helm-charts
  version: 0.2.1
- name: common
  repository: https://caraml-dev.github.io/helm-charts
  version: 0.2.8
digest: sha256:d6da6a6b52e34a6b121afbe74132736f14f712d2a6713843b61a225fb6b37a56
generated: "2023-01-11T08:39:14.484943208Z"
