dependencies:
- name: postgresql
  repository: https://charts.helm.sh/stable
  version: 7.0.2
- name: postgresql
  repository: https://charts.helm.sh/stable
  version: 7.0.2
- name: generic-dep-installer
  repository: https://caraml-dev.github.io/helm-charts
  version: 0.2.1
- name: mlp
  repository: https://caraml-dev.github.io/helm-charts
  version: 0.4.8
- name: generic-dep-installer
  repository: https://caraml-dev.github.io/helm-charts
  version: 0.2.1
- name: generic-dep-installer
  repository: https://caraml-dev.github.io/helm-charts
  version: 0.2.1
- name: common
  repository: https://caraml-dev.github.io/helm-charts
  version: 0.2.7
digest: sha256:34ccf6f7b43c030708f94942fef9bf524b869a8f82993ddc2bd75954da230e90
generated: "2023-01-03T05:52:30.660094031Z"
