dependencies:
- name: postgresql
  repository: https://charts.helm.sh/stable
  version: 7.0.2
- name: mlp
  repository: https://caraml-dev.github.io/helm-charts
  version: 0.4.16
- name: merlin
  repository: https://caraml-dev.github.io/helm-charts
  version: 0.10.8
- name: common
  repository: https://caraml-dev.github.io/helm-charts
  version: 0.2.8
digest: sha256:f7de4c70744d0d394670f8cea5afd3d8982bb6e662cba69447af0e6b176eee8f
generated: "2023-02-27T10:18:12.800895+08:00"
