dependencies:
- name: postgresql
  repository: https://charts.helm.sh/stable
  version: 7.0.2
- name: mlp
  repository: https://caraml-dev.github.io/helm-charts
  version: 0.4.20
- name: merlin
  repository: https://caraml-dev.github.io/helm-charts
  version: 0.13.23
- name: common
  repository: https://caraml-dev.github.io/helm-charts
  version: 0.2.9
digest: sha256:5b86e9235b296848d23799560b201142231369ee996a06ecf3ce58aebb7db7c7
generated: "2025-01-08T09:20:24.640958428Z"
