dependencies:
- name: postgresql
  repository: https://charts.helm.sh/stable
  version: 7.0.2
- name: common
  repository: https://caraml-dev.github.io/helm-charts
  version: 0.2.9
digest: sha256:858073bd193266edb4d7a935fc2d3493e9d0c781a7e7d11151429c5e0201e63e
generated: "2023-06-26T06:22:36.598105278Z"
