dependencies:
- name: postgresql
  repository: https://charts.helm.sh/stable
  version: 7.7.3
- name: common
  repository: https://caraml-dev.github.io/helm-charts
  version: 0.2.8
digest: sha256:88314ae24cc12ac5801d530362bd5edd148ca4142966e6656ae9c50b7bb12ef7
generated: "2023-06-15T05:33:12.37577674Z"
