dependencies:
- name: knative-serving-core
  repository: https://caraml-dev.github.io/helm-charts
  version: 1.1.2
- name: generic-dep-installer
  repository: https://caraml-dev.github.io/helm-charts
  version: 0.2.1
- name: base
  repository: https://istio-release.storage.googleapis.com/charts
  version: 1.13.4
- name: generic-dep-installer
  repository: https://caraml-dev.github.io/helm-charts
  version: 0.2.1
- name: generic-dep-installer
  repository: https://caraml-dev.github.io/helm-charts
  version: 0.2.1
digest: sha256:101b301b8f7aef771e1bf1217974c594b41a723704612919ae1e573a089b9c98
generated: "2022-11-02T09:52:11.691203+05:30"
