dependencies:
- name: knative-serving-core
  repository: https://caraml-dev.github.io/helm-charts
  version: 1.3.2
- name: generic-dep-installer
  repository: https://caraml-dev.github.io/helm-charts
  version: 0.2.1
- name: base
  repository: https://istio-release.storage.googleapis.com/charts
  version: 1.13.9
- name: generic-dep-installer
  repository: https://caraml-dev.github.io/helm-charts
  version: 0.2.1
- name: generic-dep-installer
  repository: https://caraml-dev.github.io/helm-charts
  version: 0.2.1
digest: sha256:e65632a01dfdd52c311bafafddf88b3ed2f9463990e87ab0b3c5e3758cccbb83
generated: "2022-11-07T16:15:43.815261+08:00"
