dependencies:
- name: postgresql
  repository: https://charts.helm.sh/stable
  version: 7.0.2
- name: mlp
  repository: https://caraml-dev.github.io/helm-charts
  version: 0.4.16
digest: sha256:ccd7efb8a027be864ab52507e3a3427ac0a76566ccde74e1f7358d3614bce8fc
generated: "2023-03-03T21:41:40.655308+08:00"
