dependencies:
- name: generic-dep-installer
  repository: https://caraml-dev.github.io/helm-charts
  version: 0.2.1
- name: cert-manager-base
  repository: https://caraml-dev.github.io/helm-charts
  version: 1.8.1
- name: cert-manager
  repository: https://charts.jetstack.io
  version: v1.8.2
digest: sha256:7c22ba30b7023bbd142374947747066b32fe11158e267798ced2ea02b07e627a
generated: "2022-11-04T04:44:01.21984916Z"
