dependencies:
- name: generic-dep-installer
  repository: https://caraml-dev.github.io/helm-charts
  version: 0.2.1
- name: cert-manager-base
  repository: https://caraml-dev.github.io/helm-charts
  version: 1.8.1
- name: cert-manager
  repository: https://charts.jetstack.io
  version: v1.12.1
digest: sha256:282141027c3005beecc92e82d63e104359ffd1cbcbf64a7ecf4966ab7325fd45
generated: "2023-06-15T05:36:40.554783392Z"
