dependencies:
- name: generic-dep-installer
  repository: https://caraml-dev.github.io/helm-charts
  version: 0.2.1
- name: cert-manager-base
  repository: https://caraml-dev.github.io/helm-charts
  version: 1.8.1
- name: cert-manager
  repository: https://charts.jetstack.io
  version: v1.8.1
digest: sha256:4f8ea5d2bf17df74303773ba84ef2989a65732c117d48db78879dacdf888c1c1
generated: "2022-11-02T11:14:39.99139+05:30"
