dependencies:
- name: xp-management
  repository: https://caraml-dev.github.io/helm-charts
  version: 0.1.10
- name: common
  repository: https://caraml-dev.github.io/helm-charts
  version: 0.2.8
digest: sha256:ce6e31e3e0e472dab8cc7e1314d66aed5a6a383d7e2ec3c9a2bd58adfa8a94f6
generated: "2023-04-25T10:35:16.37661504Z"
