dependencies:
- name: xp-management
  repository: https://caraml-dev.github.io/helm-charts
  version: 0.2.0
- name: common
  repository: https://caraml-dev.github.io/helm-charts
  version: 0.2.8
digest: sha256:902f47c63e6019b791dbc2aa2f791552bace7d92e669caec5b5e30dc621cd80c
generated: "2023-06-15T05:36:00.062188872Z"
