dependencies:
- name: xp-management
  repository: https://caraml-dev.github.io/helm-charts
  version: 0.2.2
- name: common
  repository: https://caraml-dev.github.io/helm-charts
  version: 0.2.8
digest: sha256:6ffdc7c6a8587d956893be095452c7f3a4e5320ca20c66c49b5e246341475552
generated: "2023-06-20T09:13:56.521120175Z"
